
Microsoft Visual Studio Solution File, Format Version 12.00
# Visual Studio 15
VisualStudioVersion = 15.0.27130.2003
MinimumVisualStudioVersion = 10.0.40219.1
Project("{FAE04EC0-301F-11D3-BF4B-00C04F79EFBC}") = "FoodOrderSystem", "FoodOrderSystem\FoodOrderSystem.csproj", "{70C6F467-C671-4B12-91E3-80C95028E7BA}"
EndProject
Global
	GlobalSection(SolutionConfigurationPlatforms) = preSolution
		Debug|Any CPU = Debug|Any CPU
		Release|Any CPU = Release|Any CPU
	EndGlobalSection
	GlobalSection(ProjectConfigurationPlatforms) = postSolution
		{70C6F467-C671-4B12-91E3-80C95028E7BA}.Debug|Any CPU.ActiveCfg = Debug|Any CPU
		{70C6F467-C671-4B12-91E3-80C95028E7BA}.Debug|Any CPU.Build.0 = Debug|Any CPU
		{70C6F467-C671-4B12-91E3-80C95028E7BA}.Release|Any CPU.ActiveCfg = Release|Any CPU
		{70C6F467-C671-4B12-91E3-80C95028E7BA}.Release|Any CPU.Build.0 = Release|Any CPU
	EndGlobalSection
	GlobalSection(SolutionProperties) = preSolution
		HideSolutionNode = FALSE
	EndGlobalSection
	GlobalSection(ExtensibilityGlobals) = postSolution
		SolutionGuid = {21BC06B8-480C-4B4C-A871-C0E91D55C622}
	EndGlobalSection
EndGlobal
